
Microsoft Visual Studio Solution File, Format Version 12.00
# Visual Studio Version 16
VisualStudioVersion = 16.0.30717.126
MinimumVisualStudioVersion = 10.0.40219.1
Project("{9A19103F-16F7-4668-BE54-9A1E7A4F7556}") = "CynetTcpListener.Console", "CynetTcpListener.Console.csproj", "{F1E3669A-5D65-4FF2-8FD1-99139652E382}"
EndProject
Project("{9A19103F-16F7-4668-BE54-9A1E7A4F7556}") = "CynetTcpListener.Business", "..\TcpListener.Business\CynetTcpListener.Business.csproj", "{353B91D0-84D2-41F8-B695-07D9972D0E00}"
EndProject
Project("{FAE04EC0-301F-11D3-BF4B-00C04F79EFBC}") = "CynetTcpListener.Tests", "..\TcpListener.Tests\CynetTcpListener.Tests.csproj", "{A58E10C9-83FA-47E6-AB02-4294646F888F}"
EndProject
Global
	GlobalSection(SolutionConfigurationPlatforms) = preSolution
		Debug|Any CPU = Debug|Any CPU
		Release|Any CPU = Release|Any CPU
	EndGlobalSection
	GlobalSection(ProjectConfigurationPlatforms) = postSolution
		{F1E3669A-5D65-4FF2-8FD1-99139652E382}.Debug|Any CPU.ActiveCfg = Debug|Any CPU
		{F1E3669A-5D65-4FF2-8FD1-99139652E382}.Debug|Any CPU.Build.0 = Debug|Any CPU
		{F1E3669A-5D65-4FF2-8FD1-99139652E382}.Release|Any CPU.ActiveCfg = Release|Any CPU
		{F1E3669A-5D65-4FF2-8FD1-99139652E382}.Release|Any CPU.Build.0 = Release|Any CPU
		{353B91D0-84D2-41F8-B695-07D9972D0E00}.Debug|Any CPU.ActiveCfg = Debug|Any CPU
		{353B91D0-84D2-41F8-B695-07D9972D0E00}.Debug|Any CPU.Build.0 = Debug|Any CPU
		{353B91D0-84D2-41F8-B695-07D9972D0E00}.Release|Any CPU.ActiveCfg = Release|Any CPU
		{353B91D0-84D2-41F8-B695-07D9972D0E00}.Release|Any CPU.Build.0 = Release|Any CPU
		{A58E10C9-83FA-47E6-AB02-4294646F888F}.Debug|Any CPU.ActiveCfg = Debug|Any CPU
		{A58E10C9-83FA-47E6-AB02-4294646F888F}.Debug|Any CPU.Build.0 = Debug|Any CPU
		{A58E10C9-83FA-47E6-AB02-4294646F888F}.Release|Any CPU.ActiveCfg = Release|Any CPU
		{A58E10C9-83FA-47E6-AB02-4294646F888F}.Release|Any CPU.Build.0 = Release|Any CPU
	EndGlobalSection
	GlobalSection(SolutionProperties) = preSolution
		HideSolutionNode = FALSE
	EndGlobalSection
	GlobalSection(ExtensibilityGlobals) = postSolution
		SolutionGuid = {6913E7DA-20BD-484A-973A-6E9F62E7B709}
	EndGlobalSection
EndGlobal
